
Microsoft Visual Studio Solution File, Format Version 12.00
# Visual Studio Version 17
VisualStudioVersion = 17.14.36623.8 d17.14
MinimumVisualStudioVersion = 10.0.40219.1
Project("{8BC9CEB8-8B4A-11D0-8D11-00A0C91BC942}") = "Challenge 4", "Challenge 4\Challenge 4.vcxproj", "{A8786AC8-796A-41C9-A452-E11CE99F514D}"
EndProject
Global
	GlobalSection(SolutionConfigurationPlatforms) = preSolution
		Debug|x64 = Debug|x64
		Debug|x86 = Debug|x86
		Release|x64 = Release|x64
		Release|x86 = Release|x86
	EndGlobalSection
	GlobalSection(ProjectConfigurationPlatforms) = postSolution
		{A8786AC8-796A-41C9-A452-E11CE99F514D}.Debug|x64.ActiveCfg = Debug|x64
		{A8786AC8-796A-41C9-A452-E11CE99F514D}.Debug|x64.Build.0 = Debug|x64
		{A8786AC8-796A-41C9-A452-E11CE99F514D}.Debug|x86.ActiveCfg = Debug|Win32
		{A8786AC8-796A-41C9-A452-E11CE99F514D}.Debug|x86.Build.0 = Debug|Win32
		{A8786AC8-796A-41C9-A452-E11CE99F514D}.Release|x64.ActiveCfg = Release|x64
		{A8786AC8-796A-41C9-A452-E11CE99F514D}.Release|x64.Build.0 = Release|x64
		{A8786AC8-796A-41C9-A452-E11CE99F514D}.Release|x86.ActiveCfg = Release|Win32
		{A8786AC8-796A-41C9-A452-E11CE99F514D}.Release|x86.Build.0 = Release|Win32
	EndGlobalSection
	GlobalSection(SolutionProperties) = preSolution
		HideSolutionNode = FALSE
	EndGlobalSection
	GlobalSection(ExtensibilityGlobals) = postSolution
		SolutionGuid = {D77A9284-964B-4787-9C62-48FE2B132836}
	EndGlobalSection
EndGlobal
