<?xml version="1.0" encoding="utf-8"?>
<Project ToolsVersion="17.0" xmlns="http://schemas.microsoft.com/developer/msbuild/2003">
  <ItemGroup>
    <ClCompile Include=".\main.cpp">
      <Filter>Source Files</Filter>
    </ClCompile>
  </ItemGroup>
  <ItemGroup>
    <ClInclude Include=".\methods.h">
      <Filter>Header Files</Filter>
    </ClInclude>
    <ClInclude Include=".\structures.h">
      <Filter>Header Files</Filter>
    </ClInclude>
  </ItemGroup>
  <ItemGroup>
    <Filter Include="Header Files">
      <UniqueIdentifier>{5355B71D-EC21-3C99-BB65-C8D6DB5B0EB5}</UniqueIdentifier>
    </Filter>
    <Filter Include="Source Files">
      <UniqueIdentifier>{A5487F9D-31BA-3C2C-B75A-9B2B65E7E845}</UniqueIdentifier>
    </Filter>
  </ItemGroup>
</Project>
